
Microsoft Visual Studio Solution File, Format Version 12.00
# Visual Studio Version 17
VisualStudioVersion = 17.7.34031.279
MinimumVisualStudioVersion = 10.0.40219.1
Project("{FAE04EC0-301F-11D3-BF4B-00C04F79EFBC}") = "GroceryLine", "GroceryLine\GroceryLine.csproj", "{CA0CBB7B-2F5C-4D4F-ABBC-344198EED2AB}"
EndProject
Global
	GlobalSection(SolutionConfigurationPlatforms) = preSolution
		Debug|Any CPU = Debug|Any CPU
		Release|Any CPU = Release|Any CPU
	EndGlobalSection
	GlobalSection(ProjectConfigurationPlatforms) = postSolution
		{CA0CBB7B-2F5C-4D4F-ABBC-344198EED2AB}.Debug|Any CPU.ActiveCfg = Debug|Any CPU
		{CA0CBB7B-2F5C-4D4F-ABBC-344198EED2AB}.Debug|Any CPU.Build.0 = Debug|Any CPU
		{CA0CBB7B-2F5C-4D4F-ABBC-344198EED2AB}.Release|Any CPU.ActiveCfg = Release|Any CPU
		{CA0CBB7B-2F5C-4D4F-ABBC-344198EED2AB}.Release|Any CPU.Build.0 = Release|Any CPU
	EndGlobalSection
	GlobalSection(SolutionProperties) = preSolution
		HideSolutionNode = FALSE
	EndGlobalSection
	GlobalSection(ExtensibilityGlobals) = postSolution
		SolutionGuid = {2B7AE6CF-E782-4D16-A9C1-24129C413FAB}
	EndGlobalSection
EndGlobal
